// !$*UTF8*$!
{
	archiveVersion = 1;
	classes = {
	};
	objectVersion = 46;
	objects = {

/* Begin PBXBuildFile section */
		1D38605F1759AF7C00DDB549 /* main.c in Sources */ = {isa = PBXBuildFile; fileRef = 1D38605E1759AF7C00DDB549 /* main.c */; };
		1D3860611759AF7C00DDB549 /* Lesson_46.1 in CopyFiles */ = {isa = PBXBuildFile; fileRef = 1D3860601759AF7C00DDB549 /* Lesson_46.1 */; };
/* End PBXBuildFile section */

/* Begin PBXCopyFilesBuildPhase section */
		1D3860591759AF7C00DDB549 /* CopyFiles */ = {
			isa = PBXCopyFilesBuildPhase;
			buildActionMask = 2147483647;
			dstPath = /usr/share/man/man1/;
			dstSubfolderSpec = 0;
			files = (
				1D3860611759AF7C00DDB549 /* Lesson_46.1 in CopyFiles */,
			);
			runOnlyForDeploymentPostprocessing = 1;
		};
/* End PBXCopyFilesBuildPhase section */

/* Begin PBXFileReference section */
		1D38605B1759AF7C00DDB549 /* Lesson 46 */ = {isa = PBXFileReference; explicitFileType = "compiled.mach-o.executable"; includeInIndex = 0; path = "Lesson 46"; sourceTree = BUILT_PRODUCTS_DIR; };
		1D38605E1759AF7C00DDB549 /* main.c */ = {isa = PBXFileReference; lastKnownFileType = sourcecode.c.c; path = main.c; sourceTree = "<group>"; };
		1D3860601759AF7C00DDB549 /* Lesson_46.1 */ = {isa = PBXFileReference; lastKnownFileType = text.man; path = Lesson_46.1; sourceTree = "<group>"; };
/* End PBXFileReference section */

/* Begin PBXFrameworksBuildPhase section */
		1D3860581759AF7C00DDB549 /* Frameworks */ = {
			isa = PBXFrameworksBuildPhase;
			buildActionMask = 2147483647;
			files = (
			);
			runOnlyForDeploymentPostprocessing = 0;
		};
/* End PBXFrameworksBuildPhase section */

/* Begin PBXGroup section */
		1D3860521759AF7C00DDB549 = {
			isa = PBXGroup;
			children = (
				1D38605D1759AF7C00DDB549 /* Lesson 46 */,
				1D38605C1759AF7C00DDB549 /* Products */,
			);
			sourceTree = "<group>";
		};
		1D38605C1759AF7C00DDB549 /* Products */ = {
			isa = PBXGroup;
			children = (
				1D38605B1759AF7C00DDB549 /* Lesson 46 */,
			);
			name = Products;
			sourceTree = "<group>";
		};
		1D38605D1759AF7C00DDB549 /* Lesson 46 */ = {
			isa = PBXGroup;
			children = (
				1D38605E1759AF7C00DDB549 /* main.c */,
				1D3860601759AF7C00DDB549 /* Lesson_46.1 */,
			);
			path = "Lesson 46";
			sourceTree = "<group>";
		};
/* End PBXGroup section */

/* Begin PBXNativeTarget section */
		1D38605A1759AF7C00DDB549 /* Lesson 46 */ = {
			isa = PBXNativeTarget;
			buildConfigurationList = 1D3860641759AF7C00DDB549 /* Build configuration list for PBXNativeTarget "Lesson 46" */;
			buildPhases = (
				1D3860571759AF7C00DDB549 /* Sources */,
				1D3860581759AF7C00DDB549 /* Frameworks */,
				1D3860591759AF7C00DDB549 /* CopyFiles */,
			);
			buildRules = (
			);
			dependencies = (
			);
			name = "Lesson 46";
			productName = "Lesson 46";
			productReference = 1D38605B1759AF7C00DDB549 /* Lesson 46 */;
			productType = "com.apple.product-type.tool";
		};
/* End PBXNativeTarget section */

/* Begin PBXProject section */
		1D3860531759AF7C00DDB549 /* Project object */ = {
			isa = PBXProject;
			attributes = {
				LastUpgradeCheck = 0460;
				ORGANIZATIONNAME = "Lucas Derraugh";
			};
			buildConfigurationList = 1D3860561759AF7C00DDB549 /* Build configuration list for PBXProject "Lesson 46" */;
			compatibilityVersion = "Xcode 3.2";
			developmentRegion = English;
			hasScannedForEncodings = 0;
			knownRegions = (
				en,
			);
			mainGroup = 1D3860521759AF7C00DDB549;
			productRefGroup = 1D38605C1759AF7C00DDB549 /* Products */;
			projectDirPath = "";
			projectRoot = "";
			targets = (
				1D38605A1759AF7C00DDB549 /* Lesson 46 */,
			);
		};
/* End PBXProject section */

/* Begin PBXSourcesBuildPhase section */
		1D3860571759AF7C00DDB549 /* Sources */ = {
			isa = PBXSourcesBuildPhase;
			buildActionMask = 2147483647;
			files = (
				1D38605F1759AF7C00DDB549 /* main.c in Sources */,
			);
			runOnlyForDeploymentPostprocessing = 0;
		};
/* End PBXSourcesBuildPhase section */

/* Begin XCBuildConfiguration section */
		1D3860621759AF7C00DDB549 /* Debug */ = {
			isa = XCBuildConfiguration;
			buildSettings = {
				ALWAYS_SEARCH_USER_PATHS = NO;
				ARCHS = "$(ARCHS_STANDARD_64_BIT)";
				CLANG_CXX_LANGUAGE_STANDARD = "gnu++0x";
				CLANG_CXX_LIBRARY = "libc++";
				CLANG_WARN_CONSTANT_CONVERSION = YES;
				CLANG_WARN_EMPTY_BODY = YES;
				CLANG_WARN_ENUM_CONVERSION = YES;
				CLANG_WARN_INT_CONVERSION = YES;
				CLANG_WARN__DUPLICATE_METHOD_MATCH = YES;
				COPY_PHASE_STRIP = NO;
				GCC_C_LANGUAGE_STANDARD = gnu99;
				GCC_DYNAMIC_NO_PIC = NO;
				GCC_ENABLE_OBJC_EXCEPTIONS = YES;
				GCC_OPTIMIZATION_LEVEL = 0;
				GCC_PREPROCESSOR_DEFINITIONS = (
					"DEBUG=1",
					"$(inherited)",
				);
				GCC_SYMBOLS_PRIVATE_EXTERN = NO;
				GCC_WARN_64_TO_32_BIT_CONVERSION = YES;
				GCC_WARN_ABOUT_RETURN_TYPE = YES;
				GCC_WARN_UNINITIALIZED_AUTOS = YES;
				GCC_WARN_UNUSED_VARIABLE = YES;
				MACOSX_DEPLOYMENT_TARGET = 10.8;
				ONLY_ACTIVE_ARCH = YES;
				SDKROOT = macosx;
			};
			name = Debug;
		};
		1D3860631759AF7C00DDB549 /* Release */ = {
			isa = XCBuildConfiguration;
			buildSettings = {
				ALWAYS_SEARCH_USER_PATHS = NO;
				ARCHS = "$(ARCHS_STANDARD_64_BIT)";
				CLANG_CXX_LANGUAGE_STANDARD = "gnu++0x";
				CLANG_CXX_LIBRARY = "libc++";
				CLANG_WARN_CONSTANT_CONVERSION = YES;
				CLANG_WARN_EMPTY_BODY = YES;
				CLANG_WARN_ENUM_CONVERSION = YES;
				CLANG_WARN_INT_CONVERSION = YES;
				CLANG_WARN__DUPLICATE_METHOD_MATCH = YES;
				COPY_PHASE_STRIP = YES;
				DEBUG_INFORMATION_FORMAT = "dwarf-with-dsym";
				GCC_C_LANGUAGE_STANDARD = gnu99;
				GCC_ENABLE_OBJC_EXCEPTIONS = YES;
				GCC_WARN_64_TO_32_BIT_CONVERSION = YES;
				GCC_WARN_ABOUT_RETURN_TYPE = YES;
				GCC_WARN_UNINITIALIZED_AUTOS = YES;
				GCC_WARN_UNUSED_VARIABLE = YES;
				MACOSX_DEPLOYMENT_TARGET = 10.8;
				SDKROOT = macosx;
			};
			name = Release;
		};
		1D3860651759AF7C00DDB549 /* Debug */ = {
			isa = XCBuildConfiguration;
			buildSettings = {
				PRODUCT_NAME = "$(TARGET_NAME)";
			};
			name = Debug;
		};
		1D3860661759AF7C00DDB549 /* Release */ = {
			isa = XCBuildConfiguration;
			buildSettings = {
				PRODUCT_NAME = "$(TARGET_NAME)";
			};
			name = Release;
		};
/* End XCBuildConfiguration section */

/* Begin XCConfigurationList section */
		1D3860561759AF7C00DDB549 /* Build configuration list for PBXProject "Lesson 46" */ = {
			isa = XCConfigurationList;
			buildConfigurations = (
				1D3860621759AF7C00DDB549 /* Debug */,
				1D3860631759AF7C00DDB549 /* Release */,
			);
			defaultConfigurationIsVisible = 0;
			defaultConfigurationName = Release;
		};
		1D3860641759AF7C00DDB549 /* Build configuration list for PBXNativeTarget "Lesson 46" */ = {
			isa = XCConfigurationList;
			buildConfigurations = (
				1D3860651759AF7C00DDB549 /* Debug */,
				1D3860661759AF7C00DDB549 /* Release */,
			);
			defaultConfigurationIsVisible = 0;
		};
/* End XCConfigurationList section */
	};
	rootObject = 1D3860531759AF7C00DDB549 /* Project object */;
}
